
Microsoft Visual Studio Solution File, Format Version 12.00
# Visual Studio 15
VisualStudioVersion = 15.0.27130.2010
MinimumVisualStudioVersion = 10.0.40219.1
Project("{FAE04EC0-301F-11D3-BF4B-00C04F79EFBC}") = "JustNull", "JustNull.csproj", "{4589C7C1-B00B-41B2-A521-7071C8FE7D06}"
EndProject
Global
	GlobalSection(SolutionConfigurationPlatforms) = preSolution
		Debug|Any CPU = Debug|Any CPU
		Release|Any CPU = Release|Any CPU
	EndGlobalSection
	GlobalSection(ProjectConfigurationPlatforms) = postSolution
		{4589C7C1-B00B-41B2-A521-7071C8FE7D06}.Debug|Any CPU.ActiveCfg = Release|Any CPU
		{4589C7C1-B00B-41B2-A521-7071C8FE7D06}.Debug|Any CPU.Build.0 = Release|Any CPU
		{4589C7C1-B00B-41B2-A521-7071C8FE7D06}.Release|Any CPU.ActiveCfg = Release|Any CPU
		{4589C7C1-B00B-41B2-A521-7071C8FE7D06}.Release|Any CPU.Build.0 = Release|Any CPU
	EndGlobalSection
	GlobalSection(SolutionProperties) = preSolution
		HideSolutionNode = FALSE
	EndGlobalSection
	GlobalSection(ExtensibilityGlobals) = postSolution
		SolutionGuid = {C399654A-23D7-4951-A57D-0DF46CA84056}
	EndGlobalSection
EndGlobal
